{
  "name": "larsen-utvikling-templates",
  "lockfileVersion": 3,
  "requires": true,
  "packages": {
    "": {
      "name": "larsen-utvikling-templates",
      "dependencies": {
        "colorjs.io": "0.7.1",
        "tintful": "0.1.1"
      },
      "engines": {
        "node": ">=22.20.0"
      }
    },
    "node_modules/@noble/hashes": {
      "version": "2.3.0",
      "resolved": "https://registry.npmjs.org/@noble/hashes/-/hashes-2.3.0.tgz",
      "integrity": "sha512-oN+QwyX7VSHotibwubG3kpzbwKrfnyR6OOO+3Nk/53ADL7FmgHHz4TgrbaYKvvOw09u6QTx0oiH1cNCIOuN0CQ==",
      "license": "MIT",
      "engines": {
        "node": ">= 20.19.0"
      },
      "funding": {
        "url": "https://paulmillr.com/funding/"
      }
    },
    "node_modules/colorjs.io": {
      "version": "0.7.1",
      "resolved": "https://registry.npmjs.org/colorjs.io/-/colorjs.io-0.7.1.tgz",
      "integrity": "sha512-LY7OHnJZxHwT5UlzNa9bbhHHDbzB6yE5+3MIPwJEQKRvSCt/T4G7epsj+9j2BExUIIfXFIJGsIXUKdfrK9Q5tA==",
      "license": "MIT",
      "funding": {
        "type": "opencollective",
        "url": "https://opencollective.com/color"
      }
    },
    "node_modules/tintful": {
      "version": "0.1.1",
      "resolved": "https://registry.npmjs.org/tintful/-/tintful-0.1.1.tgz",
      "integrity": "sha512-U9/65CEJAUgRZdvnhett4Fi6FwIyT78tkNAqr46YnOVZMmfkF0mM5gpXbu9IIVkP6CkIlXFExXtvFZ0SVkSyTw==",
      "license": "MIT",
      "dependencies": {
        "@noble/hashes": "2.3.0",
        "colorjs.io": "0.7.1",
        "zod": "4.4.3"
      },
      "engines": {
        "node": ">=22.20.0"
      }
    },
    "node_modules/zod": {
      "version": "4.4.3",
      "resolved": "https://registry.npmjs.org/zod/-/zod-4.4.3.tgz",
      "integrity": "sha512-ytENFjIJFl2UwYglde2jchW2Hwm4GJFLDiSXWdTrJQBIN9Fcyp7n4DhxJEiWNAJMV1/BqWfW/kkg71UDcHJyTQ==",
      "license": "MIT",
      "funding": {
        "url": "https://github.com/sponsors/colinhacks"
      }
    }
  }
}
